
Microsoft Visual Studio Solution File, Format Version 12.00
# Visual Studio Version 17
VisualStudioVersion = 17.12.35728.132
MinimumVisualStudioVersion = 10.0.40219.1
Project("{2150E333-8FDC-42A3-9474-1A3956D46DE8}") = "Solution items", "Solution items", "{32EF29AF-BE55-4C99-A607-7D98BCA85E6E}"
	ProjectSection(SolutionItems) = preProject
		.editorconfig = .editorconfig
		src\docker-compose.override.yml = src\docker-compose.override.yml
		src\docker-compose.yml = src\docker-compose.yml
		global.json = global.json
	EndProjectSection
EndProject
Project("{2150E333-8FDC-42A3-9474-1A3956D46DE8}") = "src", "src", "{86DEE58A-52FF-43C3-AFC9-4BB53C27BCD5}"
EndProject
Project("{2150E333-8FDC-42A3-9474-1A3956D46DE8}") = "tests", "tests", "{BF580D3D-048F-4322-A810-A1064EBC839E}"
EndProject
Project("{2150E333-8FDC-42A3-9474-1A3956D46DE8}") = "ApiGateways", "ApiGateways", "{F0280424-86E7-4E4A-867A-AD80B9AE1FB4}"
EndProject
Project("{2150E333-8FDC-42A3-9474-1A3956D46DE8}") = "BuildingBlocks", "BuildingBlocks", "{46639640-97A9-40EB-BDD0-ABF381CF1A7D}"
EndProject
Project("{2150E333-8FDC-42A3-9474-1A3956D46DE8}") = "Services", "Services", "{0853B7A7-FD84-4EE0-9BF8-235DEB4DA21B}"
EndProject
Project("{2150E333-8FDC-42A3-9474-1A3956D46DE8}") = "WebApps", "WebApps", "{3058E6D6-85C5-44C9-B4A9-B68901810A75}"
EndProject
Project("{FAE04EC0-301F-11D3-BF4B-00C04F79EFBC}") = "Common.Logging", "src\BuildingBlocks\Common.Logging\Common.Logging.csproj", "{5142B92B-2478-443C-A86C-73F858C9E40F}"
EndProject
Project("{FAE04EC0-301F-11D3-BF4B-00C04F79EFBC}") = "EventBus.Message", "src\BuildingBlocks\EventBus.Message\EventBus.Message.csproj", "{9A68B069-46BB-4ECE-AC1D-F83AF69F7027}"
EndProject
Project("{FAE04EC0-301F-11D3-BF4B-00C04F79EFBC}") = "WebHealthStatus", "src\WebApps\WebHealthStatus\WebHealthStatus.csproj", "{33A80062-CAC9-4A10-B933-73CD09ABE483}"
EndProject
Project("{FAE04EC0-301F-11D3-BF4B-00C04F79EFBC}") = "Basket.API", "src\Services\Basket.API\Basket.API.csproj", "{E53D03D0-C81C-4D8A-BBBE-7F03D8845E6A}"
EndProject
Project("{FAE04EC0-301F-11D3-BF4B-00C04F79EFBC}") = "Customer.API", "src\Services\Customer.API\Customer.API.csproj", "{342DFCF1-431D-40B3-89E6-3883CC7E1467}"
EndProject
Project("{FAE04EC0-301F-11D3-BF4B-00C04F79EFBC}") = "Inventory.Product.API", "src\Services\Inventory.Product.API\Inventory.Product.API.csproj", "{AB79E269-9876-43EE-9B8D-298F7B635D04}"
EndProject
Project("{FAE04EC0-301F-11D3-BF4B-00C04F79EFBC}") = "Product.API", "src\Services\Product.API\Product.API.csproj", "{9CF1C9C2-50A8-49FE-9683-0D8447D39BA2}"
EndProject
Project("{FAE04EC0-301F-11D3-BF4B-00C04F79EFBC}") = "Hangfire.API", "src\Services\Hangfire.API\Hangfire.API.csproj", "{1EEF6192-9F8E-4A4F-924B-089311669845}"
EndProject
Project("{FAE04EC0-301F-11D3-BF4B-00C04F79EFBC}") = "Contracts", "src\BuildingBlocks\Contracts\Contracts.csproj", "{88FAA8D0-4485-457E-8DEB-7142DBFD9061}"
EndProject
Project("{FAE04EC0-301F-11D3-BF4B-00C04F79EFBC}") = "Infrastructure", "src\BuildingBlocks\Infrastructure\Infrastructure.csproj", "{08B22CE8-88AB-454F-8B73-55FC308A8A3A}"
EndProject
Project("{FAE04EC0-301F-11D3-BF4B-00C04F79EFBC}") = "Shared", "src\BuildingBlocks\Shared\Shared.csproj", "{E884F05B-0BC9-429F-A2A3-DFD42C915655}"
EndProject
Project("{FAE04EC0-301F-11D3-BF4B-00C04F79EFBC}") = "OcelotApiGw", "src\ApiGateways\OcelotApiGw\OcelotApiGw.csproj", "{D993458F-D8AE-4A1A-8322-39C27B73D3EE}"
EndProject
Project("{2150E333-8FDC-42A3-9474-1A3956D46DE8}") = "Ordering", "Ordering", "{76C03E38-EA24-431A-B2D9-86CE8D57FA1F}"
EndProject
Project("{FAE04EC0-301F-11D3-BF4B-00C04F79EFBC}") = "Ordering.API", "src\Services\Ordering\Ordering.API\Ordering.API.csproj", "{1836F687-FCD1-4C8A-B658-88160DDAFB63}"
EndProject
Project("{FAE04EC0-301F-11D3-BF4B-00C04F79EFBC}") = "Ordering.Application", "src\Services\Ordering\Ordering.Application\Ordering.Application.csproj", "{8D2A5CB3-AA88-41C8-836C-B93FBA45F5D3}"
EndProject
Project("{FAE04EC0-301F-11D3-BF4B-00C04F79EFBC}") = "Ordering.Domain", "src\Services\Ordering\Ordering.Domain\Ordering.Domain.csproj", "{EE79E0D9-58AC-45C3-9731-CC3E80C36859}"
EndProject
Project("{FAE04EC0-301F-11D3-BF4B-00C04F79EFBC}") = "Ordering.Infrastructure", "src\Services\Ordering\Ordering.Infrastructure\Ordering.Infrastructure.csproj", "{AFCA4375-94FB-4186-AFA6-838E4F0ABDCF}"
EndProject
Global
	GlobalSection(SolutionConfigurationPlatforms) = preSolution
		Debug|Any CPU = Debug|Any CPU
		Release|Any CPU = Release|Any CPU
	EndGlobalSection
	GlobalSection(ProjectConfigurationPlatforms) = postSolution
		{5142B92B-2478-443C-A86C-73F858C9E40F}.Debug|Any CPU.ActiveCfg = Debug|Any CPU
		{5142B92B-2478-443C-A86C-73F858C9E40F}.Debug|Any CPU.Build.0 = Debug|Any CPU
		{5142B92B-2478-443C-A86C-73F858C9E40F}.Release|Any CPU.ActiveCfg = Release|Any CPU
		{5142B92B-2478-443C-A86C-73F858C9E40F}.Release|Any CPU.Build.0 = Release|Any CPU
		{9A68B069-46BB-4ECE-AC1D-F83AF69F7027}.Debug|Any CPU.ActiveCfg = Debug|Any CPU
		{9A68B069-46BB-4ECE-AC1D-F83AF69F7027}.Debug|Any CPU.Build.0 = Debug|Any CPU
		{9A68B069-46BB-4ECE-AC1D-F83AF69F7027}.Release|Any CPU.ActiveCfg = Release|Any CPU
		{9A68B069-46BB-4ECE-AC1D-F83AF69F7027}.Release|Any CPU.Build.0 = Release|Any CPU
		{33A80062-CAC9-4A10-B933-73CD09ABE483}.Debug|Any CPU.ActiveCfg = Debug|Any CPU
		{33A80062-CAC9-4A10-B933-73CD09ABE483}.Debug|Any CPU.Build.0 = Debug|Any CPU
		{33A80062-CAC9-4A10-B933-73CD09ABE483}.Release|Any CPU.ActiveCfg = Release|Any CPU
		{33A80062-CAC9-4A10-B933-73CD09ABE483}.Release|Any CPU.Build.0 = Release|Any CPU
		{E53D03D0-C81C-4D8A-BBBE-7F03D8845E6A}.Debug|Any CPU.ActiveCfg = Debug|Any CPU
		{E53D03D0-C81C-4D8A-BBBE-7F03D8845E6A}.Debug|Any CPU.Build.0 = Debug|Any CPU
		{E53D03D0-C81C-4D8A-BBBE-7F03D8845E6A}.Release|Any CPU.ActiveCfg = Release|Any CPU
		{E53D03D0-C81C-4D8A-BBBE-7F03D8845E6A}.Release|Any CPU.Build.0 = Release|Any CPU
		{342DFCF1-431D-40B3-89E6-3883CC7E1467}.Debug|Any CPU.ActiveCfg = Debug|Any CPU
		{342DFCF1-431D-40B3-89E6-3883CC7E1467}.Debug|Any CPU.Build.0 = Debug|Any CPU
		{342DFCF1-431D-40B3-89E6-3883CC7E1467}.Release|Any CPU.ActiveCfg = Release|Any CPU
		{342DFCF1-431D-40B3-89E6-3883CC7E1467}.Release|Any CPU.Build.0 = Release|Any CPU
		{AB79E269-9876-43EE-9B8D-298F7B635D04}.Debug|Any CPU.ActiveCfg = Debug|Any CPU
		{AB79E269-9876-43EE-9B8D-298F7B635D04}.Debug|Any CPU.Build.0 = Debug|Any CPU
		{AB79E269-9876-43EE-9B8D-298F7B635D04}.Release|Any CPU.ActiveCfg = Release|Any CPU
		{AB79E269-9876-43EE-9B8D-298F7B635D04}.Release|Any CPU.Build.0 = Release|Any CPU
		{9CF1C9C2-50A8-49FE-9683-0D8447D39BA2}.Debug|Any CPU.ActiveCfg = Debug|Any CPU
		{9CF1C9C2-50A8-49FE-9683-0D8447D39BA2}.Debug|Any CPU.Build.0 = Debug|Any CPU
		{9CF1C9C2-50A8-49FE-9683-0D8447D39BA2}.Release|Any CPU.ActiveCfg = Release|Any CPU
		{9CF1C9C2-50A8-49FE-9683-0D8447D39BA2}.Release|Any CPU.Build.0 = Release|Any CPU
		{1EEF6192-9F8E-4A4F-924B-089311669845}.Debug|Any CPU.ActiveCfg = Debug|Any CPU
		{1EEF6192-9F8E-4A4F-924B-089311669845}.Debug|Any CPU.Build.0 = Debug|Any CPU
		{1EEF6192-9F8E-4A4F-924B-089311669845}.Release|Any CPU.ActiveCfg = Release|Any CPU
		{1EEF6192-9F8E-4A4F-924B-089311669845}.Release|Any CPU.Build.0 = Release|Any CPU
		{88FAA8D0-4485-457E-8DEB-7142DBFD9061}.Debug|Any CPU.ActiveCfg = Debug|Any CPU
		{88FAA8D0-4485-457E-8DEB-7142DBFD9061}.Debug|Any CPU.Build.0 = Debug|Any CPU
		{88FAA8D0-4485-457E-8DEB-7142DBFD9061}.Release|Any CPU.ActiveCfg = Release|Any CPU
		{88FAA8D0-4485-457E-8DEB-7142DBFD9061}.Release|Any CPU.Build.0 = Release|Any CPU
		{08B22CE8-88AB-454F-8B73-55FC308A8A3A}.Debug|Any CPU.ActiveCfg = Debug|Any CPU
		{08B22CE8-88AB-454F-8B73-55FC308A8A3A}.Debug|Any CPU.Build.0 = Debug|Any CPU
		{08B22CE8-88AB-454F-8B73-55FC308A8A3A}.Release|Any CPU.ActiveCfg = Release|Any CPU
		{08B22CE8-88AB-454F-8B73-55FC308A8A3A}.Release|Any CPU.Build.0 = Release|Any CPU
		{E884F05B-0BC9-429F-A2A3-DFD42C915655}.Debug|Any CPU.ActiveCfg = Debug|Any CPU
		{E884F05B-0BC9-429F-A2A3-DFD42C915655}.Debug|Any CPU.Build.0 = Debug|Any CPU
		{E884F05B-0BC9-429F-A2A3-DFD42C915655}.Release|Any CPU.ActiveCfg = Release|Any CPU
		{E884F05B-0BC9-429F-A2A3-DFD42C915655}.Release|Any CPU.Build.0 = Release|Any CPU
		{D993458F-D8AE-4A1A-8322-39C27B73D3EE}.Debug|Any CPU.ActiveCfg = Debug|Any CPU
		{D993458F-D8AE-4A1A-8322-39C27B73D3EE}.Debug|Any CPU.Build.0 = Debug|Any CPU
		{D993458F-D8AE-4A1A-8322-39C27B73D3EE}.Release|Any CPU.ActiveCfg = Release|Any CPU
		{D993458F-D8AE-4A1A-8322-39C27B73D3EE}.Release|Any CPU.Build.0 = Release|Any CPU
		{1836F687-FCD1-4C8A-B658-88160DDAFB63}.Debug|Any CPU.ActiveCfg = Debug|Any CPU
		{1836F687-FCD1-4C8A-B658-88160DDAFB63}.Debug|Any CPU.Build.0 = Debug|Any CPU
		{1836F687-FCD1-4C8A-B658-88160DDAFB63}.Release|Any CPU.ActiveCfg = Release|Any CPU
		{1836F687-FCD1-4C8A-B658-88160DDAFB63}.Release|Any CPU.Build.0 = Release|Any CPU
		{8D2A5CB3-AA88-41C8-836C-B93FBA45F5D3}.Debug|Any CPU.ActiveCfg = Debug|Any CPU
		{8D2A5CB3-AA88-41C8-836C-B93FBA45F5D3}.Debug|Any CPU.Build.0 = Debug|Any CPU
		{8D2A5CB3-AA88-41C8-836C-B93FBA45F5D3}.Release|Any CPU.ActiveCfg = Release|Any CPU
		{8D2A5CB3-AA88-41C8-836C-B93FBA45F5D3}.Release|Any CPU.Build.0 = Release|Any CPU
		{EE79E0D9-58AC-45C3-9731-CC3E80C36859}.Debug|Any CPU.ActiveCfg = Debug|Any CPU
		{EE79E0D9-58AC-45C3-9731-CC3E80C36859}.Debug|Any CPU.Build.0 = Debug|Any CPU
		{EE79E0D9-58AC-45C3-9731-CC3E80C36859}.Release|Any CPU.ActiveCfg = Release|Any CPU
		{EE79E0D9-58AC-45C3-9731-CC3E80C36859}.Release|Any CPU.Build.0 = Release|Any CPU
		{AFCA4375-94FB-4186-AFA6-838E4F0ABDCF}.Debug|Any CPU.ActiveCfg = Debug|Any CPU
		{AFCA4375-94FB-4186-AFA6-838E4F0ABDCF}.Debug|Any CPU.Build.0 = Debug|Any CPU
		{AFCA4375-94FB-4186-AFA6-838E4F0ABDCF}.Release|Any CPU.ActiveCfg = Release|Any CPU
		{AFCA4375-94FB-4186-AFA6-838E4F0ABDCF}.Release|Any CPU.Build.0 = Release|Any CPU
	EndGlobalSection
	GlobalSection(SolutionProperties) = preSolution
		HideSolutionNode = FALSE
	EndGlobalSection
	GlobalSection(NestedProjects) = preSolution
		{F0280424-86E7-4E4A-867A-AD80B9AE1FB4} = {86DEE58A-52FF-43C3-AFC9-4BB53C27BCD5}
		{46639640-97A9-40EB-BDD0-ABF381CF1A7D} = {86DEE58A-52FF-43C3-AFC9-4BB53C27BCD5}
		{0853B7A7-FD84-4EE0-9BF8-235DEB4DA21B} = {86DEE58A-52FF-43C3-AFC9-4BB53C27BCD5}
		{3058E6D6-85C5-44C9-B4A9-B68901810A75} = {86DEE58A-52FF-43C3-AFC9-4BB53C27BCD5}
		{5142B92B-2478-443C-A86C-73F858C9E40F} = {46639640-97A9-40EB-BDD0-ABF381CF1A7D}
		{9A68B069-46BB-4ECE-AC1D-F83AF69F7027} = {46639640-97A9-40EB-BDD0-ABF381CF1A7D}
		{33A80062-CAC9-4A10-B933-73CD09ABE483} = {3058E6D6-85C5-44C9-B4A9-B68901810A75}
		{E53D03D0-C81C-4D8A-BBBE-7F03D8845E6A} = {0853B7A7-FD84-4EE0-9BF8-235DEB4DA21B}
		{342DFCF1-431D-40B3-89E6-3883CC7E1467} = {0853B7A7-FD84-4EE0-9BF8-235DEB4DA21B}
		{AB79E269-9876-43EE-9B8D-298F7B635D04} = {0853B7A7-FD84-4EE0-9BF8-235DEB4DA21B}
		{9CF1C9C2-50A8-49FE-9683-0D8447D39BA2} = {0853B7A7-FD84-4EE0-9BF8-235DEB4DA21B}
		{1EEF6192-9F8E-4A4F-924B-089311669845} = {0853B7A7-FD84-4EE0-9BF8-235DEB4DA21B}
		{88FAA8D0-4485-457E-8DEB-7142DBFD9061} = {46639640-97A9-40EB-BDD0-ABF381CF1A7D}
		{08B22CE8-88AB-454F-8B73-55FC308A8A3A} = {46639640-97A9-40EB-BDD0-ABF381CF1A7D}
		{E884F05B-0BC9-429F-A2A3-DFD42C915655} = {46639640-97A9-40EB-BDD0-ABF381CF1A7D}
		{D993458F-D8AE-4A1A-8322-39C27B73D3EE} = {F0280424-86E7-4E4A-867A-AD80B9AE1FB4}
		{76C03E38-EA24-431A-B2D9-86CE8D57FA1F} = {0853B7A7-FD84-4EE0-9BF8-235DEB4DA21B}
		{1836F687-FCD1-4C8A-B658-88160DDAFB63} = {76C03E38-EA24-431A-B2D9-86CE8D57FA1F}
		{8D2A5CB3-AA88-41C8-836C-B93FBA45F5D3} = {76C03E38-EA24-431A-B2D9-86CE8D57FA1F}
		{EE79E0D9-58AC-45C3-9731-CC3E80C36859} = {76C03E38-EA24-431A-B2D9-86CE8D57FA1F}
		{AFCA4375-94FB-4186-AFA6-838E4F0ABDCF} = {76C03E38-EA24-431A-B2D9-86CE8D57FA1F}
	EndGlobalSection
EndGlobal
